Microsoft Visual Studio Solution File, Format Version 12.00
# Visual Studio Version 17
VisualStudioVersion = 17.5.2.0
MinimumVisualStudioVersion = 10.0.40219.1
Project("{FAE04EC0-301F-11D3-BF4B-00C04F79EFBC}") = "MediaControlApp", "MediaControlApp.csproj", "{CC2B63F4-D46C-5A37-0E84-9EEBC73D654E}"
EndProject
Global
	GlobalSection(SolutionConfigurationPlatforms) = preSolution
		Debug|Any CPU = Debug|Any CPU
		Release|Any CPU = Release|Any CPU
	EndGlobalSection
	GlobalSection(ProjectConfigurationPlatforms) = postSolution
		{CC2B63F4-D46C-5A37-0E84-9EEBC73D654E}.Debug|Any CPU.ActiveCfg = Debug|Any CPU
		{CC2B63F4-D46C-5A37-0E84-9EEBC73D654E}.Debug|Any CPU.Build.0 = Debug|Any CPU
		{CC2B63F4-D46C-5A37-0E84-9EEBC73D654E}.Release|Any CPU.ActiveCfg = Release|Any CPU
		{CC2B63F4-D46C-5A37-0E84-9EEBC73D654E}.Release|Any CPU.Build.0 = Release|Any CPU
	EndGlobalSection
	GlobalSection(SolutionProperties) = preSolution
		HideSolutionNode = FALSE
	EndGlobalSection
	GlobalSection(ExtensibilityGlobals) = postSolution
		SolutionGuid = {49E391E2-B204-4FB6-A2CC-EAF1463EB5D1}
	EndGlobalSection
EndGlobal
